# This file is automatically @generated by Cargo.
# It is not intended for manual editing.
[[package]]
name = "acpi"
version = "0.1.0"
dependencies = [
 "efi_interops",
]

[[package]]
name = "efi"
version = "0.1.0"
dependencies = [
 "efi_interops",
]

[[package]]
name = "efi_interops"
version = "0.1.0"

[[package]]
name = "native"
version = "0.1.0"

[[package]]
name = "nautilos"
version = "0.1.0"
dependencies = [
 "acpi",
 "efi",
 "native",
]

[[package]]
name = "tests"
version = "0.1.0"
