# This file is automatically @generated by Cargo.
# It is not intended for manual editing.
[[package]]
name = "acpi"
version = "0.1.0"
dependencies = [
 "efi_interops",
]

[[package]]
name = "efi"
version = "0.1.0"
dependencies = [
 "efi_interops",
]

[[package]]
name = "efi_interops"
version = "0.1.0"

[[package]]
name = "macros"
version = "0.1.0"

[[package]]
name = "native"
version = "0.1.0"
dependencies = [
 "native_macros",
]

[[package]]
name = "native_macros"
version = "0.1.0"

[[package]]
name = "nautilos-allocator"
version = "0.1.0"

[[package]]
name = "nautilos-async"
version = "0.1.0"

[[package]]
name = "nautilos-loader"
version = "0.1.0"
dependencies = [
 "acpi",
 "efi",
 "native",
 "nautilos-allocator",
 "nautilos-async",
 "utf16-utils",
]

[[package]]
name = "utf16-utils"
version = "0.1.0"
dependencies = [
 "macros",
]
